// !$*UTF8*$!
{
	archiveVersion = 1;
	classes = {
	};
	objectVersion = 50;
	objects = {

/* Begin PBXBuildFile section */
		916EBEEF207C495C00ADF0DF /* AppDelegate.m in Sources */ = {isa = PBXBuildFile; fileRef = 916EBEEE207C495C00ADF0DF /* AppDelegate.m */; };
		916EBEF2207C495C00ADF0DF /* ViewController.m in Sources */ = {isa = PBXBuildFile; fileRef = 916EBEF1207C495C00ADF0DF /* ViewController.m */; };
		916EBEF5207C495C00ADF0DF /* Main.storyboard in Resources */ = {isa = PBXBuildFile; fileRef = 916EBEF3207C495C00ADF0DF /* Main.storyboard */; };
		916EBEF7207C495D00ADF0DF /* Assets.xcassets in Resources */ = {isa = PBXBuildFile; fileRef = 916EBEF6207C495D00ADF0DF /* Assets.xcassets */; };
		916EBEFA207C495D00ADF0DF /* LaunchScreen.storyboard in Resources */ = {isa = PBXBuildFile; fileRef = 916EBEF8207C495D00ADF0DF /* LaunchScreen.storyboard */; };
		916EBEFD207C495D00ADF0DF /* main.m in Sources */ = {isa = PBXBuildFile; fileRef = 916EBEFC207C495D00ADF0DF /* main.m */; };
		916EBF05207C499600ADF0DF /* Person.m in Sources */ = {isa = PBXBuildFile; fileRef = 916EBF04207C499600ADF0DF /* Person.m */; };
		9189D45F20997012000607DE /* WeakProxy.m in Sources */ = {isa = PBXBuildFile; fileRef = 9189D45E20997012000607DE /* WeakProxy.m */; };
/* End PBXBuildFile section */

/* Begin PBXFileReference section */
		916EBEEA207C495C00ADF0DF /* ReferenceCyclesMasterOc.app */ = {isa = PBXFileReference; explicitFileType = wrapper.application; includeInIndex = 0; path = ReferenceCyclesMasterOc.app; sourceTree = BUILT_PRODUCTS_DIR; };
		916EBEED207C495C00ADF0DF /* AppDelegate.h */ = {isa = PBXFileReference; lastKnownFileType = sourcecode.c.h; path = AppDelegate.h; sourceTree = "<group>"; };
		916EBEEE207C495C00ADF0DF /* AppDelegate.m */ = {isa = PBXFileReference; lastKnownFileType = sourcecode.c.objc; path = AppDelegate.m; sourceTree = "<group>"; };
		916EBEF0207C495C00ADF0DF /* ViewController.h */ = {isa = PBXFileReference; lastKnownFileType = sourcecode.c.h; path = ViewController.h; sourceTree = "<group>"; };
		916EBEF1207C495C00ADF0DF /* ViewController.m */ = {isa = PBXFileReference; lastKnownFileType = sourcecode.c.objc; path = ViewController.m; sourceTree = "<group>"; };
		916EBEF4207C495C00ADF0DF /* Base */ = {isa = PBXFileReference; lastKnownFileType = file.storyboard; name = Base; path = Base.lproj/Main.storyboard; sourceTree = "<group>"; };
		916EBEF6207C495D00ADF0DF /* Assets.xcassets */ = {isa = PBXFileReference; lastKnownFileType = folder.assetcatalog; path = Assets.xcassets; sourceTree = "<group>"; };
		916EBEF9207C495D00ADF0DF /* Base */ = {isa = PBXFileReference; lastKnownFileType = file.storyboard; name = Base; path = Base.lproj/LaunchScreen.storyboard; sourceTree = "<group>"; };
		916EBEFB207C495D00ADF0DF /* Info.plist */ = {isa = PBXFileReference; lastKnownFileType = text.plist.xml; path = Info.plist; sourceTree = "<group>"; };
		916EBEFC207C495D00ADF0DF /* main.m */ = {isa = PBXFileReference; lastKnownFileType = sourcecode.c.objc; path = main.m; sourceTree = "<group>"; };
		916EBF03207C499600ADF0DF /* Person.h */ = {isa = PBXFileReference; lastKnownFileType = sourcecode.c.h; path = Person.h; sourceTree = "<group>"; };
		916EBF04207C499600ADF0DF /* Person.m */ = {isa = PBXFileReference; lastKnownFileType = sourcecode.c.objc; path = Person.m; sourceTree = "<group>"; };
		9189D45D20997012000607DE /* WeakProxy.h */ = {isa = PBXFileReference; lastKnownFileType = sourcecode.c.h; path = WeakProxy.h; sourceTree = "<group>"; };
		9189D45E20997012000607DE /* WeakProxy.m */ = {isa = PBXFileReference; lastKnownFileType = sourcecode.c.objc; path = WeakProxy.m; sourceTree = "<group>"; };
/* End PBXFileReference section */

/* Begin PBXFrameworksBuildPhase section */
		916EBEE7207C495C00ADF0DF /* Frameworks */ = {
			isa = PBXFrameworksBuildPhase;
			buildActionMask = 2147483647;
			files = (
			);
			runOnlyForDeploymentPostprocessing = 0;
		};
/* End PBXFrameworksBuildPhase section */

/* Begin PBXGroup section */
		916EBEE1207C495C00ADF0DF = {
			isa = PBXGroup;
			children = (
				916EBEEC207C495C00ADF0DF /* ReferenceCyclesMasterOc */,
				916EBEEB207C495C00ADF0DF /* Products */,
			);
			sourceTree = "<group>";
		};
		916EBEEB207C495C00ADF0DF /* Products */ = {
			isa = PBXGroup;
			children = (
				916EBEEA207C495C00ADF0DF /* ReferenceCyclesMasterOc.app */,
			);
			name = Products;
			sourceTree = "<group>";
		};
		916EBEEC207C495C00ADF0DF /* ReferenceCyclesMasterOc */ = {
			isa = PBXGroup;
			children = (
				916EBEED207C495C00ADF0DF /* AppDelegate.h */,
				916EBEEE207C495C00ADF0DF /* AppDelegate.m */,
				916EBEF0207C495C00ADF0DF /* ViewController.h */,
				916EBEF1207C495C00ADF0DF /* ViewController.m */,
				916EBF03207C499600ADF0DF /* Person.h */,
				916EBF04207C499600ADF0DF /* Person.m */,
				916EBEF3207C495C00ADF0DF /* Main.storyboard */,
				916EBEF6207C495D00ADF0DF /* Assets.xcassets */,
				916EBEF8207C495D00ADF0DF /* LaunchScreen.storyboard */,
				916EBEFB207C495D00ADF0DF /* Info.plist */,
				916EBEFC207C495D00ADF0DF /* main.m */,
				9189D45D20997012000607DE /* WeakProxy.h */,
				9189D45E20997012000607DE /* WeakProxy.m */,
			);
			path = ReferenceCyclesMasterOc;
			sourceTree = "<group>";
		};
/* End PBXGroup section */

/* Begin PBXNativeTarget section */
		916EBEE9207C495C00ADF0DF /* ReferenceCyclesMasterOc */ = {
			isa = PBXNativeTarget;
			buildConfigurationList = 916EBF00207C495D00ADF0DF /* Build configuration list for PBXNativeTarget "ReferenceCyclesMasterOc" */;
			buildPhases = (
				916EBEE6207C495C00ADF0DF /* Sources */,
				916EBEE7207C495C00ADF0DF /* Frameworks */,
				916EBEE8207C495C00ADF0DF /* Resources */,
			);
			buildRules = (
			);
			dependencies = (
			);
			name = ReferenceCyclesMasterOc;
			productName = ReferenceCyclesMasterOc;
			productReference = 916EBEEA207C495C00ADF0DF /* ReferenceCyclesMasterOc.app */;
			productType = "com.apple.product-type.application";
		};
/* End PBXNativeTarget section */

/* Begin PBXProject section */
		916EBEE2207C495C00ADF0DF /* Project object */ = {
			isa = PBXProject;
			attributes = {
				LastUpgradeCheck = 0930;
				ORGANIZATIONNAME = tlc;
				TargetAttributes = {
					916EBEE9207C495C00ADF0DF = {
						CreatedOnToolsVersion = 9.3;
					};
				};
			};
			buildConfigurationList = 916EBEE5207C495C00ADF0DF /* Build configuration list for PBXProject "ReferenceCyclesMasterOc" */;
			compatibilityVersion = "Xcode 9.3";
			developmentRegion = en;
			hasScannedForEncodings = 0;
			knownRegions = (
				en,
				Base,
			);
			mainGroup = 916EBEE1207C495C00ADF0DF;
			productRefGroup = 916EBEEB207C495C00ADF0DF /* Products */;
			projectDirPath = "";
			projectRoot = "";
			targets = (
				916EBEE9207C495C00ADF0DF /* ReferenceCyclesMasterOc */,
			);
		};
/* End PBXProject section */

/* Begin PBXResourcesBuildPhase section */
		916EBEE8207C495C00ADF0DF /* Resources */ = {
			isa = PBXResourcesBuildPhase;
			buildActionMask = 2147483647;
			files = (
				916EBEFA207C495D00ADF0DF /* LaunchScreen.storyboard in Resources */,
				916EBEF7207C495D00ADF0DF /* Assets.xcassets in Resources */,
				916EBEF5207C495C00ADF0DF /* Main.storyboard in Resources */,
			);
			runOnlyForDeploymentPostprocessing = 0;
		};
/* End PBXResourcesBuildPhase section */

/* Begin PBXSourcesBuildPhase section */
		916EBEE6207C495C00ADF0DF /* Sources */ = {
			isa = PBXSourcesBuildPhase;
			buildActionMask = 2147483647;
			files = (
				9189D45F20997012000607DE /* WeakProxy.m in Sources */,
				916EBEF2207C495C00ADF0DF /* ViewController.m in Sources */,
				916EBEFD207C495D00ADF0DF /* main.m in Sources */,
				916EBF05207C499600ADF0DF /* Person.m in Sources */,
				916EBEEF207C495C00ADF0DF /* AppDelegate.m in Sources */,
			);
			runOnlyForDeploymentPostprocessing = 0;
		};
/* End PBXSourcesBuildPhase section */

/* Begin PBXVariantGroup section */
		916EBEF3207C495C00ADF0DF /* Main.storyboard */ = {
			isa = PBXVariantGroup;
			children = (
				916EBEF4207C495C00ADF0DF /* Base */,
			);
			name = Main.storyboard;
			sourceTree = "<group>";
		};
		916EBEF8207C495D00ADF0DF /* LaunchScreen.storyboard */ = {
			isa = PBXVariantGroup;
			children = (
				916EBEF9207C495D00ADF0DF /* Base */,
			);
			name = LaunchScreen.storyboard;
			sourceTree = "<group>";
		};
/* End PBXVariantGroup section */

/* Begin XCBuildConfiguration section */
		916EBEFE207C495D00ADF0DF /* Debug */ = {
			isa = XCBuildConfiguration;
			buildSettings = {
				ALWAYS_SEARCH_USER_PATHS = NO;
				CLANG_ANALYZER_NONNULL = YES;
				CLANG_ANALYZER_NUMBER_OBJECT_CONVERSION = YES_AGGRESSIVE;
				CLANG_CXX_LANGUAGE_STANDARD = "gnu++14";
				CLANG_CXX_LIBRARY = "libc++";
				CLANG_ENABLE_MODULES = YES;
				CLANG_ENABLE_OBJC_ARC = YES;
				CLANG_ENABLE_OBJC_WEAK = YES;
				CLANG_WARN_BLOCK_CAPTURE_AUTORELEASING = YES;
				CLANG_WARN_BOOL_CONVERSION = YES;
				CLANG_WARN_COMMA = YES;
				CLANG_WARN_CONSTANT_CONVERSION = YES;
				CLANG_WARN_DEPRECATED_OBJC_IMPLEMENTATIONS = YES;
				CLANG_WARN_DIRECT_OBJC_ISA_USAGE = YES_ERROR;
				CLANG_WARN_DOCUMENTATION_COMMENTS = YES;
				CLANG_WARN_EMPTY_BODY = YES;
				CLANG_WARN_ENUM_CONVERSION = YES;
				CLANG_WARN_INFINITE_RECURSION = YES;
				CLANG_WARN_INT_CONVERSION = YES;
				CLANG_WARN_NON_LITERAL_NULL_CONVERSION = YES;
				CLANG_WARN_OBJC_IMPLICIT_RETAIN_SELF = YES;
				CLANG_WARN_OBJC_LITERAL_CONVERSION = YES;
				CLANG_WARN_OBJC_ROOT_CLASS = YES_ERROR;
				CLANG_WARN_RANGE_LOOP_ANALYSIS = YES;
				CLANG_WARN_STRICT_PROTOTYPES = YES;
				CLANG_WARN_SUSPICIOUS_MOVE = YES;
				CLANG_WARN_UNGUARDED_AVAILABILITY = YES_AGGRESSIVE;
				CLANG_WARN_UNREACHABLE_CODE = YES;
				CLANG_WARN__DUPLICATE_METHOD_MATCH = YES;
				CODE_SIGN_IDENTITY = "iPhone Developer";
				COPY_PHASE_STRIP = NO;
				DEBUG_INFORMATION_FORMAT = dwarf;
				ENABLE_STRICT_OBJC_MSGSEND = YES;
				ENABLE_TESTABILITY = YES;
				GCC_C_LANGUAGE_STANDARD = gnu11;
				GCC_DYNAMIC_NO_PIC = NO;
				GCC_NO_COMMON_BLOCKS = YES;
				GCC_OPTIMIZATION_LEVEL = 0;
				GCC_PREPROCESSOR_DEFINITIONS = (
					"DEBUG=1",
					"$(inherited)",
				);
				GCC_WARN_64_TO_32_BIT_CONVERSION = YES;
				GCC_WARN_ABOUT_RETURN_TYPE = YES_ERROR;
				GCC_WARN_UNDECLARED_SELECTOR = YES;
				GCC_WARN_UNINITIALIZED_AUTOS = YES_AGGRESSIVE;
				GCC_WARN_UNUSED_FUNCTION = YES;
				GCC_WARN_UNUSED_VARIABLE = YES;
				IPHONEOS_DEPLOYMENT_TARGET = 11.3;
				MTL_ENABLE_DEBUG_INFO = YES;
				ONLY_ACTIVE_ARCH = YES;
				SDKROOT = iphoneos;
			};
			name = Debug;
		};
		916EBEFF207C495D00ADF0DF /* Release */ = {
			isa = XCBuildConfiguration;
			buildSettings = {
				ALWAYS_SEARCH_USER_PATHS = NO;
				CLANG_ANALYZER_NONNULL = YES;
				CLANG_ANALYZER_NUMBER_OBJECT_CONVERSION = YES_AGGRESSIVE;
				CLANG_CXX_LANGUAGE_STANDARD = "gnu++14";
				CLANG_CXX_LIBRARY = "libc++";
				CLANG_ENABLE_MODULES = YES;
				CLANG_ENABLE_OBJC_ARC = YES;
				CLANG_ENABLE_OBJC_WEAK = YES;
				CLANG_WARN_BLOCK_CAPTURE_AUTORELEASING = YES;
				CLANG_WARN_BOOL_CONVERSION = YES;
				CLANG_WARN_COMMA = YES;
				CLANG_WARN_CONSTANT_CONVERSION = YES;
				CLANG_WARN_DEPRECATED_OBJC_IMPLEMENTATIONS = YES;
				CLANG_WARN_DIRECT_OBJC_ISA_USAGE = YES_ERROR;
				CLANG_WARN_DOCUMENTATION_COMMENTS = YES;
				CLANG_WARN_EMPTY_BODY = YES;
				CLANG_WARN_ENUM_CONVERSION = YES;
				CLANG_WARN_INFINITE_RECURSION = YES;
				CLANG_WARN_INT_CONVERSION = YES;
				CLANG_WARN_NON_LITERAL_NULL_CONVERSION = YES;
				CLANG_WARN_OBJC_IMPLICIT_RETAIN_SELF = YES;
				CLANG_WARN_OBJC_LITERAL_CONVERSION = YES;
				CLANG_WARN_OBJC_ROOT_CLASS = YES_ERROR;
				CLANG_WARN_RANGE_LOOP_ANALYSIS = YES;
				CLANG_WARN_STRICT_PROTOTYPES = YES;
				CLANG_WARN_SUSPICIOUS_MOVE = YES;
				CLANG_WARN_UNGUARDED_AVAILABILITY = YES_AGGRESSIVE;
				CLANG_WARN_UNREACHABLE_CODE = YES;
				CLANG_WARN__DUPLICATE_METHOD_MATCH = YES;
				CODE_SIGN_IDENTITY = "iPhone Developer";
				COPY_PHASE_STRIP = NO;
				DEBUG_INFORMATION_FORMAT = "dwarf-with-dsym";
				ENABLE_NS_ASSERTIONS = NO;
				ENABLE_STRICT_OBJC_MSGSEND = YES;
				GCC_C_LANGUAGE_STANDARD = gnu11;
				GCC_NO_COMMON_BLOCKS = YES;
				GCC_WARN_64_TO_32_BIT_CONVERSION = YES;
				GCC_WARN_ABOUT_RETURN_TYPE = YES_ERROR;
				GCC_WARN_UNDECLARED_SELECTOR = YES;
				GCC_WARN_UNINITIALIZED_AUTOS = YES_AGGRESSIVE;
				GCC_WARN_UNUSED_FUNCTION = YES;
				GCC_WARN_UNUSED_VARIABLE = YES;
				IPHONEOS_DEPLOYMENT_TARGET = 11.3;
				MTL_ENABLE_DEBUG_INFO = NO;
				SDKROOT = iphoneos;
				VALIDATE_PRODUCT = YES;
			};
			name = Release;
		};
		916EBF01207C495D00ADF0DF /* Debug */ = {
			isa = XCBuildConfiguration;
			buildSettings = {
				ASSETCATALOG_COMPILER_APPICON_NAME = AppIcon;
				CODE_SIGN_STYLE = Automatic;
				DEVELOPMENT_TEAM = SXFRH3ET8C;
				INFOPLIST_FILE = ReferenceCyclesMasterOc/Info.plist;
				LD_RUNPATH_SEARCH_PATHS = (
					"$(inherited)",
					"@executable_path/Frameworks",
				);
				PRODUCT_BUNDLE_IDENTIFIER = com.tianlinchun.ReferenceCyclesMasterOc;
				PRODUCT_NAME = "$(TARGET_NAME)";
				TARGETED_DEVICE_FAMILY = "1,2";
			};
			name = Debug;
		};
		916EBF02207C495D00ADF0DF /* Release */ = {
			isa = XCBuildConfiguration;
			buildSettings = {
				ASSETCATALOG_COMPILER_APPICON_NAME = AppIcon;
				CODE_SIGN_STYLE = Automatic;
				DEVELOPMENT_TEAM = SXFRH3ET8C;
				INFOPLIST_FILE = ReferenceCyclesMasterOc/Info.plist;
				LD_RUNPATH_SEARCH_PATHS = (
					"$(inherited)",
					"@executable_path/Frameworks",
				);
				PRODUCT_BUNDLE_IDENTIFIER = com.tianlinchun.ReferenceCyclesMasterOc;
				PRODUCT_NAME = "$(TARGET_NAME)";
				TARGETED_DEVICE_FAMILY = "1,2";
			};
			name = Release;
		};
/* End XCBuildConfiguration section */

/* Begin XCConfigurationList section */
		916EBEE5207C495C00ADF0DF /* Build configuration list for PBXProject "ReferenceCyclesMasterOc" */ = {
			isa = XCConfigurationList;
			buildConfigurations = (
				916EBEFE207C495D00ADF0DF /* Debug */,
				916EBEFF207C495D00ADF0DF /* Release */,
			);
			defaultConfigurationIsVisible = 0;
			defaultConfigurationName = Release;
		};
		916EBF00207C495D00ADF0DF /* Build configuration list for PBXNativeTarget "ReferenceCyclesMasterOc" */ = {
			isa = XCConfigurationList;
			buildConfigurations = (
				916EBF01207C495D00ADF0DF /* Debug */,
				916EBF02207C495D00ADF0DF /* Release */,
			);
			defaultConfigurationIsVisible = 0;
			defaultConfigurationName = Release;
		};
/* End XCConfigurationList section */
	};
	rootObject = 916EBEE2207C495C00ADF0DF /* Project object */;
}
